<Solution>
  <Folder Name="/src/">
    <File Path="docker-compose.yml" />
    <Project Path="src/HelpDesk.Admin.Web/HelpDesk.Admin.Web.csproj" />
    <Project Path="src/HelpDesk.API/HelpDesk.API.csproj" />
    <Project Path="src/HelpDesk.Application/HelpDesk.Application.csproj" />
    <Project Path="src/HelpDesk.AuditWorker/HelpDesk.AuditWorker.csproj" />
    <Project Path="src/HelpDesk.Desktop/HelpDesk.Desktop.csproj" />
    <Project Path="src/HelpDesk.Domain/HelpDesk.Domain.csproj" />
    <Project Path="src/HelpDesk.Infrastructure/HelpDesk.Infrastructure.csproj" />
    <Project Path="src/HelpDesk.Legacy.API/HelpDesk.Legacy.API.csproj" />
    <Project Path="src/HelpDesk.NotificationWorker/HelpDesk.NotificationWorker.csproj" />
  </Folder>
  <Folder Name="/tests/">
    <Project Path="tests/HelpDesk.Admin.Web.Tests/HelpDesk.Admin.Web.Tests.csproj" />
    <Project Path="tests/HelpDesk.API.Tests/HelpDesk.API.Tests.csproj" />
    <Project Path="tests/HelpDesk.Application.Tests/HelpDesk.Application.Tests.csproj" />
    <Project Path="tests/HelpDesk.Desktop.Tests/HelpDesk.Desktop.Tests.csproj" />
    <Project Path="tests/HelpDesk.Domain.Tests/HelpDesk.Domain.Tests.csproj" />
    <Project Path="tests/HelpDesk.Infrastructure.Tests/HelpDesk.Infrastructure.Tests.csproj" />
  </Folder>
</Solution>
