<Solution>
  <Folder Name="/src/">
    <File Path="docker-compose.yml" />
    <Project Path="src/HelpDesk.Admin.Web/HelpDesk.Admin.Web.csproj" />
    <Project Path="src/HelpDesk.API/HelpDesk.API.csproj" />
    <Project Path="src/HelpDesk.Application/HelpDesk.Application.csproj" />
    <Project Path="src/HelpDesk.AuditWorker/HelpDesk.AuditWorker.csproj" />
    <Project Path="src/HelpDesk.Domain/HelpDesk.Domain.csproj" />
    <Project Path="src/HelpDesk.Infrastructure/HelpDesk.Infrastructure.csproj" />
    <Project Path="src/HelpDesk.Legacy.API/HelpDesk.Legacy.API.csproj" />
    <Project Path="src/HelpDesk.NotificationWorker/HelpDesk.NotificationWorker.csproj" />
  </Folder>
</Solution>
